
Microsoft Visual Studio Solution File, Format Version 12.00
# Visual Studio 14
VisualStudioVersion = 14.0.25123.0
MinimumVisualStudioVersion = 10.0.40219.1
Project("{B005F702-4D6F-46EC-BDF9-B2C3E65896FB}") = "Sitecore.Support.82260.111553", "Sitecore.Support.82260.111553\Sitecore.Support.82260.111553.csproj", "{FC94D8AA-C23F-4BE2-AF0F-08CBE63A988F}"
EndProject
Global
	GlobalSection(SolutionConfigurationPlatforms) = preSolution
		Debug|Any CPU = Debug|Any CPU
		Release|Any CPU = Release|Any CPU
	EndGlobalSection
	GlobalSection(ProjectConfigurationPlatforms) = postSolution
		{FC94D8AA-C23F-4BE2-AF0F-08CBE63A988F}.Debug|Any CPU.ActiveCfg = Debug|Any CPU
		{FC94D8AA-C23F-4BE2-AF0F-08CBE63A988F}.Debug|Any CPU.Build.0 = Debug|Any CPU
		{FC94D8AA-C23F-4BE2-AF0F-08CBE63A988F}.Release|Any CPU.ActiveCfg = Release|Any CPU
		{FC94D8AA-C23F-4BE2-AF0F-08CBE63A988F}.Release|Any CPU.Build.0 = Release|Any CPU
	EndGlobalSection
	GlobalSection(SolutionProperties) = preSolution
		HideSolutionNode = FALSE
	EndGlobalSection
EndGlobal
